Microsoft Visual Studio Solution File, Format Version 12.00
# Visual Studio 2012
Project("{FAE04EC0-301F-11D3-BF4B-00C04F79EFBC}") = "DiveRollPlatformer", "DiveRollPlatformer.csproj", "{578972AF-2EB8-4CFE-8526-1EBC99F7DB9D}"
EndProject
Global
	GlobalSection(SolutionConfigurationPlatforms) = preSolution
	Debug|Any CPU = Debug|Any CPU
	ExportDebug|Any CPU = ExportDebug|Any CPU
	ExportRelease|Any CPU = ExportRelease|Any CPU
	EndGlobalSection
	GlobalSection(ProjectConfigurationPlatforms) = postSolution
		{578972AF-2EB8-4CFE-8526-1EBC99F7DB9D}.Debug|Any CPU.ActiveCfg = Debug|Any CPU
		{578972AF-2EB8-4CFE-8526-1EBC99F7DB9D}.Debug|Any CPU.Build.0 = Debug|Any CPU
		{578972AF-2EB8-4CFE-8526-1EBC99F7DB9D}.ExportDebug|Any CPU.ActiveCfg = ExportDebug|Any CPU
		{578972AF-2EB8-4CFE-8526-1EBC99F7DB9D}.ExportDebug|Any CPU.Build.0 = ExportDebug|Any CPU
		{578972AF-2EB8-4CFE-8526-1EBC99F7DB9D}.ExportRelease|Any CPU.ActiveCfg = ExportRelease|Any CPU
		{578972AF-2EB8-4CFE-8526-1EBC99F7DB9D}.ExportRelease|Any CPU.Build.0 = ExportRelease|Any CPU
	EndGlobalSection
EndGlobal
